
Microsoft Visual Studio Solution File, Format Version 12.00
# Visual Studio 14
VisualStudioVersion = 14.0.25420.1
MinimumVisualStudioVersion = 10.0.40219.1
Project("{DA7A21FA-8162-4350-AD77-A8D1B671F3ED}") = "CampaignOptimization", "CampaignOptimization.rxproj", "{538E8EEC-235B-4765-BFBE-76375805BACA}"
EndProject
Global
	GlobalSection(SolutionConfigurationPlatforms) = preSolution
		Debug|Any CPU = Debug|Any CPU
		Release|Any CPU = Release|Any CPU
	EndGlobalSection
	GlobalSection(ProjectConfigurationPlatforms) = postSolution
		{538E8EEC-235B-4765-BFBE-76375805BACA}.Debug|Any CPU.ActiveCfg = Debug|Any CPU
		{538E8EEC-235B-4765-BFBE-76375805BACA}.Debug|Any CPU.Build.0 = Debug|Any CPU
		{538E8EEC-235B-4765-BFBE-76375805BACA}.Release|Any CPU.ActiveCfg = Release|Any CPU
		{538E8EEC-235B-4765-BFBE-76375805BACA}.Release|Any CPU.Build.0 = Release|Any CPU
	EndGlobalSection
	GlobalSection(SolutionProperties) = preSolution
		HideSolutionNode = FALSE
	EndGlobalSection
EndGlobal
